<?xml version="1.0" encoding="UTF-8"?>
<Scheme
   version = "1.3">
   <BuildAction>
      <BuildActionEntries>
         <BuildActionEntry
            buildForRunning = "YES">
            <BuildableReference
               BuildableIdentifier = "primary"
               BlueprintIdentifier = "38560EC9D83E162DECC878C9"
               BuildableName = "TwitterAPI.app"
               BlueprintName = "TwitterAPI"
               ReferencedContainer = "container:TwitterAPI.xcodeproj">
            </BuildableReference>
         </BuildActionEntry>
      </BuildActionEntries>
   </BuildAction>
   <LaunchAction
      useCustomWorkingDirectory = "NO"
      buildConfiguration = "Debug">
      <BuildableProductRunnable>
         <BuildableReference
            BuildableIdentifier = "primary"
            BlueprintIdentifier = "38560EC9D83E162DECC878C9"
            BuildableName = "TwitterAPI.app"
            BlueprintName = "TwitterAPI"
            ReferencedContainer = "container:TwitterAPI.xcodeproj">
         </BuildableReference>
      </BuildableProductRunnable>
   </LaunchAction>
</Scheme>
